
Microsoft Visual Studio Solution File, Format Version 12.00
# Visual Studio 2013
VisualStudioVersion = 12.0.30723.0
MinimumVisualStudioVersion = 10.0.40219.1
Project("{FAE04EC0-301F-11D3-BF4B-00C04F79EFBC}") = "MatrixMultiplier", "MatrixMultiplier\MatrixMultiplier.csproj", "{A9FB6EC9-BB9D-4910-BEA0-D86BD19EFB71}"
EndProject
Project("{FAE04EC0-301F-11D3-BF4B-00C04F79EFBC}") = "MultiplierTest", "MultiplierTest\MultiplierTest.csproj", "{567490AC-2CF5-4253-9D9D-E7E58706635E}"
EndProject
Global
	GlobalSection(SolutionConfigurationPlatforms) = preSolution
		Debug|Any CPU = Debug|Any CPU
		Release|Any CPU = Release|Any CPU
	EndGlobalSection
	GlobalSection(ProjectConfigurationPlatforms) = postSolution
		{A9FB6EC9-BB9D-4910-BEA0-D86BD19EFB71}.Debug|Any CPU.ActiveCfg = Debug|Any CPU
		{A9FB6EC9-BB9D-4910-BEA0-D86BD19EFB71}.Debug|Any CPU.Build.0 = Debug|Any CPU
		{A9FB6EC9-BB9D-4910-BEA0-D86BD19EFB71}.Release|Any CPU.ActiveCfg = Release|Any CPU
		{A9FB6EC9-BB9D-4910-BEA0-D86BD19EFB71}.Release|Any CPU.Build.0 = Release|Any CPU
		{567490AC-2CF5-4253-9D9D-E7E58706635E}.Debug|Any CPU.ActiveCfg = Debug|Any CPU
		{567490AC-2CF5-4253-9D9D-E7E58706635E}.Debug|Any CPU.Build.0 = Debug|Any CPU
		{567490AC-2CF5-4253-9D9D-E7E58706635E}.Release|Any CPU.ActiveCfg = Release|Any CPU
		{567490AC-2CF5-4253-9D9D-E7E58706635E}.Release|Any CPU.Build.0 = Release|Any CPU
	EndGlobalSection
	GlobalSection(SolutionProperties) = preSolution
		HideSolutionNode = FALSE
	EndGlobalSection
EndGlobal
